
Microsoft Visual Studio Solution File, Format Version 12.00
# Visual Studio 15
VisualStudioVersion = 15.0.26730.12
MinimumVisualStudioVersion = 10.0.40219.1
Project("{FAE04EC0-301F-11D3-BF4B-00C04F79EFBC}") = "OctopusGameHololens", "OctopusGameHololens\OctopusGameHololens.csproj", "{13A45C13-3265-47B8-BC48-A553B569DF55}"
EndProject
Project("{FAE04EC0-301F-11D3-BF4B-00C04F79EFBC}") = "Assembly-CSharp", "C:\Users\bhara\Documents\OctopusGameHololens\App\GeneratedProjects\UWP\Assembly-CSharp\Assembly-CSharp.csproj", "{B7C6B77A-98A6-4B8D-B45B-AF935A322B51}"
EndProject
Project("{FAE04EC0-301F-11D3-BF4B-00C04F79EFBC}") = "Assembly-CSharp-firstpass", "C:\Users\bhara\Documents\OctopusGameHololens\App\GeneratedProjects\UWP\Assembly-CSharp-firstpass\Assembly-CSharp-firstpass.csproj", "{8F6D9787-8EFB-4E66-BE39-52E1CC050A35}"
EndProject
Global
	GlobalSection(SolutionConfigurationPlatforms) = preSolution
		Debug|ARM = Debug|ARM
		Debug|x64 = Debug|x64
		Debug|x86 = Debug|x86
		Master|ARM = Master|ARM
		Master|x64 = Master|x64
		Master|x86 = Master|x86
		Release|ARM = Release|ARM
		Release|x64 = Release|x64
		Release|x86 = Release|x86
	EndGlobalSection
	GlobalSection(ProjectConfigurationPlatforms) = postSolution
		{13A45C13-3265-47B8-BC48-A553B569DF55}.Debug|ARM.ActiveCfg = Debug|ARM
		{13A45C13-3265-47B8-BC48-A553B569DF55}.Debug|ARM.Build.0 = Debug|ARM
		{13A45C13-3265-47B8-BC48-A553B569DF55}.Debug|ARM.Deploy.0 = Debug|ARM
		{13A45C13-3265-47B8-BC48-A553B569DF55}.Debug|x64.ActiveCfg = Debug|x64
		{13A45C13-3265-47B8-BC48-A553B569DF55}.Debug|x64.Build.0 = Debug|x64
		{13A45C13-3265-47B8-BC48-A553B569DF55}.Debug|x64.Deploy.0 = Debug|x64
		{13A45C13-3265-47B8-BC48-A553B569DF55}.Debug|x86.ActiveCfg = Debug|x86
		{13A45C13-3265-47B8-BC48-A553B569DF55}.Debug|x86.Build.0 = Debug|x86
		{13A45C13-3265-47B8-BC48-A553B569DF55}.Debug|x86.Deploy.0 = Debug|x86
		{13A45C13-3265-47B8-BC48-A553B569DF55}.Master|ARM.ActiveCfg = Master|ARM
		{13A45C13-3265-47B8-BC48-A553B569DF55}.Master|ARM.Build.0 = Master|ARM
		{13A45C13-3265-47B8-BC48-A553B569DF55}.Master|ARM.Deploy.0 = Master|ARM
		{13A45C13-3265-47B8-BC48-A553B569DF55}.Master|x64.ActiveCfg = Master|x64
		{13A45C13-3265-47B8-BC48-A553B569DF55}.Master|x64.Build.0 = Master|x64
		{13A45C13-3265-47B8-BC48-A553B569DF55}.Master|x64.Deploy.0 = Master|x64
		{13A45C13-3265-47B8-BC48-A553B569DF55}.Master|x86.ActiveCfg = Master|x86
		{13A45C13-3265-47B8-BC48-A553B569DF55}.Master|x86.Build.0 = Master|x86
		{13A45C13-3265-47B8-BC48-A553B569DF55}.Master|x86.Deploy.0 = Master|x86
		{13A45C13-3265-47B8-BC48-A553B569DF55}.Release|ARM.ActiveCfg = Release|ARM
		{13A45C13-3265-47B8-BC48-A553B569DF55}.Release|ARM.Build.0 = Release|ARM
		{13A45C13-3265-47B8-BC48-A553B569DF55}.Release|ARM.Deploy.0 = Release|ARM
		{13A45C13-3265-47B8-BC48-A553B569DF55}.Release|x64.ActiveCfg = Release|x64
		{13A45C13-3265-47B8-BC48-A553B569DF55}.Release|x64.Build.0 = Release|x64
		{13A45C13-3265-47B8-BC48-A553B569DF55}.Release|x64.Deploy.0 = Release|x64
		{13A45C13-3265-47B8-BC48-A553B569DF55}.Release|x86.ActiveCfg = Release|x86
		{13A45C13-3265-47B8-BC48-A553B569DF55}.Release|x86.Build.0 = Release|x86
		{13A45C13-3265-47B8-BC48-A553B569DF55}.Release|x86.Deploy.0 = Release|x86
		{B7C6B77A-98A6-4B8D-B45B-AF935A322B51}.Debug|ARM.ActiveCfg = Debug|ARM
		{B7C6B77A-98A6-4B8D-B45B-AF935A322B51}.Debug|ARM.Build.0 = Debug|ARM
		{B7C6B77A-98A6-4B8D-B45B-AF935A322B51}.Debug|x64.ActiveCfg = Debug|x64
		{B7C6B77A-98A6-4B8D-B45B-AF935A322B51}.Debug|x64.Build.0 = Debug|x64
		{B7C6B77A-98A6-4B8D-B45B-AF935A322B51}.Debug|x86.ActiveCfg = Debug|x86
		{B7C6B77A-98A6-4B8D-B45B-AF935A322B51}.Debug|x86.Build.0 = Debug|x86
		{B7C6B77A-98A6-4B8D-B45B-AF935A322B51}.Master|ARM.ActiveCfg = Master|ARM
		{B7C6B77A-98A6-4B8D-B45B-AF935A322B51}.Master|ARM.Build.0 = Master|ARM
		{B7C6B77A-98A6-4B8D-B45B-AF935A322B51}.Master|x64.ActiveCfg = Master|x64
		{B7C6B77A-98A6-4B8D-B45B-AF935A322B51}.Master|x64.Build.0 = Master|x64
		{B7C6B77A-98A6-4B8D-B45B-AF935A322B51}.Master|x86.ActiveCfg = Master|x86
		{B7C6B77A-98A6-4B8D-B45B-AF935A322B51}.Master|x86.Build.0 = Master|x86
		{B7C6B77A-98A6-4B8D-B45B-AF935A322B51}.Release|ARM.ActiveCfg = Release|ARM
		{B7C6B77A-98A6-4B8D-B45B-AF935A322B51}.Release|ARM.Build.0 = Release|ARM
		{B7C6B77A-98A6-4B8D-B45B-AF935A322B51}.Release|x64.ActiveCfg = Release|x64
		{B7C6B77A-98A6-4B8D-B45B-AF935A322B51}.Release|x64.Build.0 = Release|x64
		{B7C6B77A-98A6-4B8D-B45B-AF935A322B51}.Release|x86.ActiveCfg = Release|x86
		{B7C6B77A-98A6-4B8D-B45B-AF935A322B51}.Release|x86.Build.0 = Release|x86
		{8F6D9787-8EFB-4E66-BE39-52E1CC050A35}.Debug|ARM.ActiveCfg = Debug|ARM
		{8F6D9787-8EFB-4E66-BE39-52E1CC050A35}.Debug|ARM.Build.0 = Debug|ARM
		{8F6D9787-8EFB-4E66-BE39-52E1CC050A35}.Debug|x64.ActiveCfg = Debug|x64
		{8F6D9787-8EFB-4E66-BE39-52E1CC050A35}.Debug|x64.Build.0 = Debug|x64
		{8F6D9787-8EFB-4E66-BE39-52E1CC050A35}.Debug|x86.ActiveCfg = Debug|x86
		{8F6D9787-8EFB-4E66-BE39-52E1CC050A35}.Debug|x86.Build.0 = Debug|x86
		{8F6D9787-8EFB-4E66-BE39-52E1CC050A35}.Master|ARM.ActiveCfg = Master|ARM
		{8F6D9787-8EFB-4E66-BE39-52E1CC050A35}.Master|ARM.Build.0 = Master|ARM
		{8F6D9787-8EFB-4E66-BE39-52E1CC050A35}.Master|x64.ActiveCfg = Master|x64
		{8F6D9787-8EFB-4E66-BE39-52E1CC050A35}.Master|x64.Build.0 = Master|x64
		{8F6D9787-8EFB-4E66-BE39-52E1CC050A35}.Master|x86.ActiveCfg = Master|x86
		{8F6D9787-8EFB-4E66-BE39-52E1CC050A35}.Master|x86.Build.0 = Master|x86
		{8F6D9787-8EFB-4E66-BE39-52E1CC050A35}.Release|ARM.ActiveCfg = Release|ARM
		{8F6D9787-8EFB-4E66-BE39-52E1CC050A35}.Release|ARM.Build.0 = Release|ARM
		{8F6D9787-8EFB-4E66-BE39-52E1CC050A35}.Release|x64.ActiveCfg = Release|x64
		{8F6D9787-8EFB-4E66-BE39-52E1CC050A35}.Release|x64.Build.0 = Release|x64
		{8F6D9787-8EFB-4E66-BE39-52E1CC050A35}.Release|x86.ActiveCfg = Release|x86
		{8F6D9787-8EFB-4E66-BE39-52E1CC050A35}.Release|x86.Build.0 = Release|x86
	EndGlobalSection
	GlobalSection(SolutionProperties) = preSolution
		HideSolutionNode = FALSE
	EndGlobalSection
	GlobalSection(ExtensibilityGlobals) = postSolution
		SolutionGuid = {DCD2E61A-5CE2-4621-8AE9-396EB8214F39}
	EndGlobalSection
EndGlobal
